
Microsoft Visual Studio Solution File, Format Version 12.00
Project("{FAE04EC0-301F-11D3-BF4B-00C04F79EFBC}") = "Kolokwium", "Kolokwium\Kolokwium.csproj", "{90EED09D-B93E-431E-94C6-E5AD718C5A33}"
EndProject
Global
	GlobalSection(SolutionConfigurationPlatforms) = preSolution
		Debug|Any CPU = Debug|Any CPU
		Release|Any CPU = Release|Any CPU
	EndGlobalSection
	GlobalSection(ProjectConfigurationPlatforms) = postSolution
		{90EED09D-B93E-431E-94C6-E5AD718C5A33}.Debug|Any CPU.ActiveCfg = Debug|Any CPU
		{90EED09D-B93E-431E-94C6-E5AD718C5A33}.Debug|Any CPU.Build.0 = Debug|Any CPU
		{90EED09D-B93E-431E-94C6-E5AD718C5A33}.Release|Any CPU.ActiveCfg = Release|Any CPU
		{90EED09D-B93E-431E-94C6-E5AD718C5A33}.Release|Any CPU.Build.0 = Release|Any CPU
	EndGlobalSection
EndGlobal
