
Microsoft Visual Studio Solution File, Format Version 12.00
Project("{FAE04EC0-301F-11D3-BF4B-00C04F79EFBC}") = "Cwiczenia2", "Cwiczenia2\Cwiczenia2.csproj", "{0F4CD13D-6118-4AC9-9422-035699CA14CA}"
EndProject
Global
	GlobalSection(SolutionConfigurationPlatforms) = preSolution
		Debug|Any CPU = Debug|Any CPU
		Release|Any CPU = Release|Any CPU
	EndGlobalSection
	GlobalSection(ProjectConfigurationPlatforms) = postSolution
		{0F4CD13D-6118-4AC9-9422-035699CA14CA}.Debug|Any CPU.ActiveCfg = Debug|Any CPU
		{0F4CD13D-6118-4AC9-9422-035699CA14CA}.Debug|Any CPU.Build.0 = Debug|Any CPU
		{0F4CD13D-6118-4AC9-9422-035699CA14CA}.Release|Any CPU.ActiveCfg = Release|Any CPU
		{0F4CD13D-6118-4AC9-9422-035699CA14CA}.Release|Any CPU.Build.0 = Release|Any CPU
	EndGlobalSection
EndGlobal
